// !$*UTF8*$!
{
	archiveVersion = 1;
	classes = {
	};
	objectVersion = 46;
	objects = {

/* Begin PBXBuildFile section */
		321B3F3819CA08C50077829E /* main.m in Sources */ = {isa = PBXBuildFile; fileRef = 321B3F3719CA08C50077829E /* main.m */; };
		321B3F3B19CA08C50077829E /* AppDelegate.m in Sources */ = {isa = PBXBuildFile; fileRef = 321B3F3A19CA08C50077829E /* AppDelegate.m */; };
		321B3F3E19CA08C50077829E /* ViewController.m in Sources */ = {isa = PBXBuildFile; fileRef = 321B3F3D19CA08C50077829E /* ViewController.m */; };
		321B3F4119CA08C50077829E /* Main.storyboard in Resources */ = {isa = PBXBuildFile; fileRef = 321B3F3F19CA08C50077829E /* Main.storyboard */; };
		321B3F4319CA08C50077829E /* Images.xcassets in Resources */ = {isa = PBXBuildFile; fileRef = 321B3F4219CA08C50077829E /* Images.xcassets */; };
		321B3F4619CA08C50077829E /* LaunchScreen.xib in Resources */ = {isa = PBXBuildFile; fileRef = 321B3F4419CA08C50077829E /* LaunchScreen.xib */; };
		321B3F5219CA08C50077829E /* CEMovieMakerTests.m in Sources */ = {isa = PBXBuildFile; fileRef = 321B3F5119CA08C50077829E /* CEMovieMakerTests.m */; };
/* End PBXBuildFile section */

/* Begin PBXContainerItemProxy section */
		321B3F4C19CA08C50077829E /* PBXContainerItemProxy */ = {
			isa = PBXContainerItemProxy;
			containerPortal = 321B3F2A19CA08C50077829E /* Project object */;
			proxyType = 1;
			remoteGlobalIDString = 321B3F3119CA08C50077829E;
			remoteInfo = CEMovieMaker;
		};
/* End PBXContainerItemProxy section */

/* Begin PBXFileReference section */
		321B3F3219CA08C50077829E /* CEMovieMaker.app */ = {isa = PBXFileReference; explicitFileType = wrapper.application; includeInIndex = 0; path = CEMovieMaker.app; sourceTree = BUILT_PRODUCTS_DIR; };
		321B3F3619CA08C50077829E /* Info.plist */ = {isa = PBXFileReference; lastKnownFileType = text.plist.xml; path = Info.plist; sourceTree = "<group>"; };
		321B3F3719CA08C50077829E /* main.m */ = {isa = PBXFileReference; lastKnownFileType = sourcecode.c.objc; path = main.m; sourceTree = "<group>"; };
		321B3F3919CA08C50077829E /* AppDelegate.h */ = {isa = PBXFileReference; lastKnownFileType = sourcecode.c.h; path = AppDelegate.h; sourceTree = "<group>"; };
		321B3F3A19CA08C50077829E /* AppDelegate.m */ = {isa = PBXFileReference; lastKnownFileType = sourcecode.c.objc; path = AppDelegate.m; sourceTree = "<group>"; };
		321B3F3C19CA08C50077829E /* ViewController.h */ = {isa = PBXFileReference; lastKnownFileType = sourcecode.c.h; path = ViewController.h; sourceTree = "<group>"; };
		321B3F3D19CA08C50077829E /* ViewController.m */ = {isa = PBXFileReference; lastKnownFileType = sourcecode.c.objc; path = ViewController.m; sourceTree = "<group>"; };
		321B3F4019CA08C50077829E /* Base */ = {isa = PBXFileReference; lastKnownFileType = file.storyboard; name = Base; path = Base.lproj/Main.storyboard; sourceTree = "<group>"; };
		321B3F4219CA08C50077829E /* Images.xcassets */ = {isa = PBXFileReference; lastKnownFileType = folder.assetcatalog; path = Images.xcassets; sourceTree = "<group>"; };
		321B3F4519CA08C50077829E /* Base */ = {isa = PBXFileReference; lastKnownFileType = file.xib; name = Base; path = Base.lproj/LaunchScreen.xib; sourceTree = "<group>"; };
		321B3F4B19CA08C50077829E /* CEMovieMakerTests.xctest */ = {isa = PBXFileReference; explicitFileType = wrapper.cfbundle; includeInIndex = 0; path = CEMovieMakerTests.xctest; sourceTree = BUILT_PRODUCTS_DIR; };
		321B3F5019CA08C50077829E /* Info.plist */ = {isa = PBXFileReference; lastKnownFileType = text.plist.xml; path = Info.plist; sourceTree = "<group>"; };
		321B3F5119CA08C50077829E /* CEMovieMakerTests.m */ = {isa = PBXFileReference; lastKnownFileType = sourcecode.c.objc; path = CEMovieMakerTests.m; sourceTree = "<group>"; };
/* End PBXFileReference section */

/* Begin PBXFrameworksBuildPhase section */
		321B3F2F19CA08C50077829E /* Frameworks */ = {
			isa = PBXFrameworksBuildPhase;
			buildActionMask = 2147483647;
			files = (
			);
			runOnlyForDeploymentPostprocessing = 0;
		};
		321B3F4819CA08C50077829E /* Frameworks */ = {
			isa = PBXFrameworksBuildPhase;
			buildActionMask = 2147483647;
			files = (
			);
			runOnlyForDeploymentPostprocessing = 0;
		};
/* End PBXFrameworksBuildPhase section */

/* Begin PBXGroup section */
		321B3F2919CA08C50077829E = {
			isa = PBXGroup;
			children = (
				321B3F3419CA08C50077829E /* CEMovieMaker */,
				321B3F4E19CA08C50077829E /* CEMovieMakerTests */,
				321B3F3319CA08C50077829E /* Products */,
			);
			sourceTree = "<group>";
		};
		321B3F3319CA08C50077829E /* Products */ = {
			isa = PBXGroup;
			children = (
				321B3F3219CA08C50077829E /* CEMovieMaker.app */,
				321B3F4B19CA08C50077829E /* CEMovieMakerTests.xctest */,
			);
			name = Products;
			sourceTree = "<group>";
		};
		321B3F3419CA08C50077829E /* CEMovieMaker */ = {
			isa = PBXGroup;
			children = (
				321B3F3919CA08C50077829E /* AppDelegate.h */,
				321B3F3A19CA08C50077829E /* AppDelegate.m */,
				321B3F3C19CA08C50077829E /* ViewController.h */,
				321B3F3D19CA08C50077829E /* ViewController.m */,
				321B3F3F19CA08C50077829E /* Main.storyboard */,
				321B3F4219CA08C50077829E /* Images.xcassets */,
				321B3F4419CA08C50077829E /* LaunchScreen.xib */,
				321B3F3519CA08C50077829E /* Supporting Files */,
			);
			path = CEMovieMaker;
			sourceTree = "<group>";
		};
		321B3F3519CA08C50077829E /* Supporting Files */ = {
			isa = PBXGroup;
			children = (
				321B3F3619CA08C50077829E /* Info.plist */,
				321B3F3719CA08C50077829E /* main.m */,
			);
			name = "Supporting Files";
			sourceTree = "<group>";
		};
		321B3F4E19CA08C50077829E /* CEMovieMakerTests */ = {
			isa = PBXGroup;
			children = (
				321B3F5119CA08C50077829E /* CEMovieMakerTests.m */,
				321B3F4F19CA08C50077829E /* Supporting Files */,
			);
			path = CEMovieMakerTests;
			sourceTree = "<group>";
		};
		321B3F4F19CA08C50077829E /* Supporting Files */ = {
			isa = PBXGroup;
			children = (
				321B3F5019CA08C50077829E /* Info.plist */,
			);
			name = "Supporting Files";
			sourceTree = "<group>";
		};
/* End PBXGroup section */

/* Begin PBXNativeTarget section */
		321B3F3119CA08C50077829E /* CEMovieMaker */ = {
			isa = PBXNativeTarget;
			buildConfigurationList = 321B3F5519CA08C50077829E /* Build configuration list for PBXNativeTarget "CEMovieMaker" */;
			buildPhases = (
				321B3F2E19CA08C50077829E /* Sources */,
				321B3F2F19CA08C50077829E /* Frameworks */,
				321B3F3019CA08C50077829E /* Resources */,
			);
			buildRules = (
			);
			dependencies = (
			);
			name = CEMovieMaker;
			productName = CEMovieMaker;
			productReference = 321B3F3219CA08C50077829E /* CEMovieMaker.app */;
			productType = "com.apple.product-type.application";
		};
		321B3F4A19CA08C50077829E /* CEMovieMakerTests */ = {
			isa = PBXNativeTarget;
			buildConfigurationList = 321B3F5819CA08C50077829E /* Build configuration list for PBXNativeTarget "CEMovieMakerTests" */;
			buildPhases = (
				321B3F4719CA08C50077829E /* Sources */,
				321B3F4819CA08C50077829E /* Frameworks */,
				321B3F4919CA08C50077829E /* Resources */,
			);
			buildRules = (
			);
			dependencies = (
				321B3F4D19CA08C50077829E /* PBXTargetDependency */,
			);
			name = CEMovieMakerTests;
			productName = CEMovieMakerTests;
			productReference = 321B3F4B19CA08C50077829E /* CEMovieMakerTests.xctest */;
			productType = "com.apple.product-type.bundle.unit-test";
		};
/* End PBXNativeTarget section */

/* Begin PBXProject section */
		321B3F2A19CA08C50077829E /* Project object */ = {
			isa = PBXProject;
			attributes = {
				LastUpgradeCheck = 0600;
				ORGANIZATIONNAME = "Cameron Ehrlich";
				TargetAttributes = {
					321B3F3119CA08C50077829E = {
						CreatedOnToolsVersion = 6.0;
					};
					321B3F4A19CA08C50077829E = {
						CreatedOnToolsVersion = 6.0;
						TestTargetID = 321B3F3119CA08C50077829E;
					};
				};
			};
			buildConfigurationList = 321B3F2D19CA08C50077829E /* Build configuration list for PBXProject "CEMovieMaker" */;
			compatibilityVersion = "Xcode 3.2";
			developmentRegion = English;
			hasScannedForEncodings = 0;
			knownRegions = (
				en,
				Base,
			);
			mainGroup = 321B3F2919CA08C50077829E;
			productRefGroup = 321B3F3319CA08C50077829E /* Products */;
			projectDirPath = "";
			projectRoot = "";
			targets = (
				321B3F3119CA08C50077829E /* CEMovieMaker */,
				321B3F4A19CA08C50077829E /* CEMovieMakerTests */,
			);
		};
/* End PBXProject section */

/* Begin PBXResourcesBuildPhase section */
		321B3F3019CA08C50077829E /* Resources */ = {
			isa = PBXResourcesBuildPhase;
			buildActionMask = 2147483647;
			files = (
				321B3F4119CA08C50077829E /* Main.storyboard in Resources */,
				321B3F4619CA08C50077829E /* LaunchScreen.xib in Resources */,
				321B3F4319CA08C50077829E /* Images.xcassets in Resources */,
			);
			runOnlyForDeploymentPostprocessing = 0;
		};
		321B3F4919CA08C50077829E /* Resources */ = {
			isa = PBXResourcesBuildPhase;
			buildActionMask = 2147483647;
			files = (
			);
			runOnlyForDeploymentPostprocessing = 0;
		};
/* End PBXResourcesBuildPhase section */

/* Begin PBXSourcesBuildPhase section */
		321B3F2E19CA08C50077829E /* Sources */ = {
			isa = PBXSourcesBuildPhase;
			buildActionMask = 2147483647;
			files = (
				321B3F3E19CA08C50077829E /* ViewController.m in Sources */,
				321B3F3B19CA08C50077829E /* AppDelegate.m in Sources */,
				321B3F3819CA08C50077829E /* main.m in Sources */,
			);
			runOnlyForDeploymentPostprocessing = 0;
		};
		321B3F4719CA08C50077829E /* Sources */ = {
			isa = PBXSourcesBuildPhase;
			buildActionMask = 2147483647;
			files = (
				321B3F5219CA08C50077829E /* CEMovieMakerTests.m in Sources */,
			);
			runOnlyForDeploymentPostprocessing = 0;
		};
/* End PBXSourcesBuildPhase section */

/* Begin PBXTargetDependency section */
		321B3F4D19CA08C50077829E /* PBXTargetDependency */ = {
			isa = PBXTargetDependency;
			target = 321B3F3119CA08C50077829E /* CEMovieMaker */;
			targetProxy = 321B3F4C19CA08C50077829E /* PBXContainerItemProxy */;
		};
/* End PBXTargetDependency section */

/* Begin PBXVariantGroup section */
		321B3F3F19CA08C50077829E /* Main.storyboard */ = {
			isa = PBXVariantGroup;
			children = (
				321B3F4019CA08C50077829E /* Base */,
			);
			name = Main.storyboard;
			sourceTree = "<group>";
		};
		321B3F4419CA08C50077829E /* LaunchScreen.xib */ = {
			isa = PBXVariantGroup;
			children = (
				321B3F4519CA08C50077829E /* Base */,
			);
			name = LaunchScreen.xib;
			sourceTree = "<group>";
		};
/* End PBXVariantGroup section */

/* Begin XCBuildConfiguration section */
		321B3F5319CA08C50077829E /* Debug */ = {
			isa = XCBuildConfiguration;
			buildSettings = {
				ALWAYS_SEARCH_USER_PATHS = NO;
				CLANG_CXX_LANGUAGE_STANDARD = "gnu++0x";
				CLANG_CXX_LIBRARY = "libc++";
				CLANG_ENABLE_MODULES = YES;
				CLANG_ENABLE_OBJC_ARC = YES;
				CLANG_WARN_BOOL_CONVERSION = YES;
				CLANG_WARN_CONSTANT_CONVERSION = YES;
				CLANG_WARN_DIRECT_OBJC_ISA_USAGE = YES_ERROR;
				CLANG_WARN_EMPTY_BODY = YES;
				CLANG_WARN_ENUM_CONVERSION = YES;
				CLANG_WARN_INT_CONVERSION = YES;
				CLANG_WARN_OBJC_ROOT_CLASS = YES_ERROR;
				CLANG_WARN_UNREACHABLE_CODE = YES;
				CLANG_WARN__DUPLICATE_METHOD_MATCH = YES;
				"CODE_SIGN_IDENTITY[sdk=iphoneos*]" = "iPhone Developer";
				COPY_PHASE_STRIP = NO;
				ENABLE_STRICT_OBJC_MSGSEND = YES;
				GCC_C_LANGUAGE_STANDARD = gnu99;
				GCC_DYNAMIC_NO_PIC = NO;
				GCC_OPTIMIZATION_LEVEL = 0;
				GCC_PREPROCESSOR_DEFINITIONS = (
					"DEBUG=1",
					"$(inherited)",
				);
				GCC_SYMBOLS_PRIVATE_EXTERN = NO;
				GCC_WARN_64_TO_32_BIT_CONVERSION = YES;
				GCC_WARN_ABOUT_RETURN_TYPE = YES_ERROR;
				GCC_WARN_UNDECLARED_SELECTOR = YES;
				GCC_WARN_UNINITIALIZED_AUTOS = YES_AGGRESSIVE;
				GCC_WARN_UNUSED_FUNCTION = YES;
				GCC_WARN_UNUSED_VARIABLE = YES;
				IPHONEOS_DEPLOYMENT_TARGET = 8.0;
				MTL_ENABLE_DEBUG_INFO = YES;
				ONLY_ACTIVE_ARCH = YES;
				SDKROOT = iphoneos;
			};
			name = Debug;
		};
		321B3F5419CA08C50077829E /* Release */ = {
			isa = XCBuildConfiguration;
			buildSettings = {
				ALWAYS_SEARCH_USER_PATHS = NO;
				CLANG_CXX_LANGUAGE_STANDARD = "gnu++0x";
				CLANG_CXX_LIBRARY = "libc++";
				CLANG_ENABLE_MODULES = YES;
				CLANG_ENABLE_OBJC_ARC = YES;
				CLANG_WARN_BOOL_CONVERSION = YES;
				CLANG_WARN_CONSTANT_CONVERSION = YES;
				CLANG_WARN_DIRECT_OBJC_ISA_USAGE = YES_ERROR;
				CLANG_WARN_EMPTY_BODY = YES;
				CLANG_WARN_ENUM_CONVERSION = YES;
				CLANG_WARN_INT_CONVERSION = YES;
				CLANG_WARN_OBJC_ROOT_CLASS = YES_ERROR;
				CLANG_WARN_UNREACHABLE_CODE = YES;
				CLANG_WARN__DUPLICATE_METHOD_MATCH = YES;
				"CODE_SIGN_IDENTITY[sdk=iphoneos*]" = "iPhone Developer";
				COPY_PHASE_STRIP = YES;
				ENABLE_NS_ASSERTIONS = NO;
				ENABLE_STRICT_OBJC_MSGSEND = YES;
				GCC_C_LANGUAGE_STANDARD = gnu99;
				GCC_WARN_64_TO_32_BIT_CONVERSION = YES;
				GCC_WARN_ABOUT_RETURN_TYPE = YES_ERROR;
				GCC_WARN_UNDECLARED_SELECTOR = YES;
				GCC_WARN_UNINITIALIZED_AUTOS = YES_AGGRESSIVE;
				GCC_WARN_UNUSED_FUNCTION = YES;
				GCC_WARN_UNUSED_VARIABLE = YES;
				IPHONEOS_DEPLOYMENT_TARGET = 8.0;
				MTL_ENABLE_DEBUG_INFO = NO;
				SDKROOT = iphoneos;
				VALIDATE_PRODUCT = YES;
			};
			name = Release;
		};
		321B3F5619CA08C50077829E /* Debug */ = {
			isa = XCBuildConfiguration;
			buildSettings = {
				ASSETCATALOG_COMPILER_APPICON_NAME = AppIcon;
				INFOPLIST_FILE = CEMovieMaker/Info.plist;
				LD_RUNPATH_SEARCH_PATHS = "$(inherited) @executable_path/Frameworks";
				PRODUCT_NAME = "$(TARGET_NAME)";
			};
			name = Debug;
		};
		321B3F5719CA08C50077829E /* Release */ = {
			isa = XCBuildConfiguration;
			buildSettings = {
				ASSETCATALOG_COMPILER_APPICON_NAME = AppIcon;
				INFOPLIST_FILE = CEMovieMaker/Info.plist;
				LD_RUNPATH_SEARCH_PATHS = "$(inherited) @executable_path/Frameworks";
				PRODUCT_NAME = "$(TARGET_NAME)";
			};
			name = Release;
		};
		321B3F5919CA08C50077829E /* Debug */ = {
			isa = XCBuildConfiguration;
			buildSettings = {
				BUNDLE_LOADER = "$(TEST_HOST)";
				FRAMEWORK_SEARCH_PATHS = (
					"$(SDKROOT)/Developer/Library/Frameworks",
					"$(inherited)",
				);
				GCC_PREPROCESSOR_DEFINITIONS = (
					"DEBUG=1",
					"$(inherited)",
				);
				INFOPLIST_FILE = CEMovieMakerTests/Info.plist;
				LD_RUNPATH_SEARCH_PATHS = "$(inherited) @executable_path/Frameworks @loader_path/Frameworks";
				PRODUCT_NAME = "$(TARGET_NAME)";
				TEST_HOST = "$(BUILT_PRODUCTS_DIR)/CEMovieMaker.app/CEMovieMaker";
			};
			name = Debug;
		};
		321B3F5A19CA08C50077829E /* Release */ = {
			isa = XCBuildConfiguration;
			buildSettings = {
				BUNDLE_LOADER = "$(TEST_HOST)";
				FRAMEWORK_SEARCH_PATHS = (
					"$(SDKROOT)/Developer/Library/Frameworks",
					"$(inherited)",
				);
				INFOPLIST_FILE = CEMovieMakerTests/Info.plist;
				LD_RUNPATH_SEARCH_PATHS = "$(inherited) @executable_path/Frameworks @loader_path/Frameworks";
				PRODUCT_NAME = "$(TARGET_NAME)";
				TEST_HOST = "$(BUILT_PRODUCTS_DIR)/CEMovieMaker.app/CEMovieMaker";
			};
			name = Release;
		};
/* End XCBuildConfiguration section */

/* Begin XCConfigurationList section */
		321B3F2D19CA08C50077829E /* Build configuration list for PBXProject "CEMovieMaker" */ = {
			isa = XCConfigurationList;
			buildConfigurations = (
				321B3F5319CA08C50077829E /* Debug */,
				321B3F5419CA08C50077829E /* Release */,
			);
			defaultConfigurationIsVisible = 0;
			defaultConfigurationName = Release;
		};
		321B3F5519CA08C50077829E /* Build configuration list for PBXNativeTarget "CEMovieMaker" */ = {
			isa = XCConfigurationList;
			buildConfigurations = (
				321B3F5619CA08C50077829E /* Debug */,
				321B3F5719CA08C50077829E /* Release */,
			);
			defaultConfigurationIsVisible = 0;
		};
		321B3F5819CA08C50077829E /* Build configuration list for PBXNativeTarget "CEMovieMakerTests" */ = {
			isa = XCConfigurationList;
			buildConfigurations = (
				321B3F5919CA08C50077829E /* Debug */,
				321B3F5A19CA08C50077829E /* Release */,
			);
			defaultConfigurationIsVisible = 0;
		};
/* End XCConfigurationList section */
	};
	rootObject = 321B3F2A19CA08C50077829E /* Project object */;
}
